{
  "name": "betterstack",
  "version": "0.0.1",
  "lockfileVersion": 3,
  "requires": true,
  "packages": {
    "": {
      "name": "betterstack",
      "version": "0.0.1",
      "license": "MIT",
      "dependencies": {
        "api": "github:treeder/api"
      }
    },
    "node_modules/api": {
      "version": "0.2.10",
      "resolved": "git+ssh://git@github.com/treeder/api.git#827d7c1f70a962887e66a0215e15cd94ab2f632e",
      "license": "MIT"
    }
  }
}
